{
  "name": "core.io-starter-template",
  "version": "0.8.2",
  "lockfileVersion": 1,
  "requires": true,
  "dependencies": {
    "fuzzy": {
      "version": "https://registry.npmjs.org/fuzzy/-/fuzzy-0.1.3.tgz",
      "integrity": "sha1-THbsL/CsGjap3M+aAN+GIweNTtg="
    },
    "slug": {
      "version": "0.9.4",
      "resolved": "https://registry.npmjs.org/slug/-/slug-0.9.4.tgz",
      "integrity": "sha512-3YHq0TeJ4+AIFbJm+4UWSQs5A1mmeWOTQqydW3OoPmQfNKxlO96NDRTIrp+TBkmvEsEFrd+Z/LXw8OD/6OlZ5g==",
      "requires": {
        "unicode": "12.1.0"
      }
    },
    "unicode": {
      "version": "12.1.0",
      "resolved": "https://registry.npmjs.org/unicode/-/unicode-12.1.0.tgz",
      "integrity": "sha512-Ty6+Ew21DiYTWLYtd05RF/X4c1ekOvOgANyHbBj0h3MaXpfaGr2Rdmc0hMFuGQLyPLb9cU4ArNxl0bTF5HSzXw=="
    }
  }
}
